# THIS IS AN AUTOGENERATED FILE. DO NOT EDIT THIS FILE DIRECTLY.
# yarn lockfile v1


lodash.debounce@^4.0.8:
  version "4.0.8"
  resolved "https://registry.yarnpkg.com/lodash.debounce/-/lodash.debounce-4.0.8.tgz#82d79bff30a67c4005ffd5e2515300ad9ca4d7af"
  integrity sha1-gteb/zCmfEAF/9XiUVMArZyk168=

lodash.throttle@^4.1.1:
  version "4.1.1"
  resolved "https://registry.yarnpkg.com/lodash.throttle/-/lodash.throttle-4.1.1.tgz#c23e91b710242ac70c37f1e1cda9274cc39bf2f4"
  integrity sha1-wj6RtxAkKscMN/HhzaknTMOb8vQ=

react-lazy-load-image-component@^1.5.0-beta.0:
  version "1.5.0-beta.0"
  resolved "https://registry.yarnpkg.com/react-lazy-load-image-component/-/react-lazy-load-image-component-1.5.0-beta.0.tgz#133b914ec62cad38855db68d84726eabda5dc7b4"
  integrity sha512-vOxbK4PaYE/caQDvFne0xtpHrW06pK7REMVYM18W1Kv7+d1QtrDk79ZEjNIzSIPOUKmmjMMhrj9qcfKikRXj3w==
  dependencies:
    lodash.debounce "^4.0.8"
    lodash.throttle "^4.1.1"
